
Microsoft Visual Studio Solution File, Format Version 12.00
# Visual Studio Version 17
VisualStudioVersion = 17.6.33829.357
MinimumVisualStudioVersion = 10.0.40219.1
Project("{FAE04EC0-301F-11D3-BF4B-00C04F79EFBC}") = "Anfield", "Anfield\Anfield.csproj", "{A72E2922-34D6-4CDA-B706-99C5CB06AD14}"
EndProject
Global
	GlobalSection(SolutionConfigurationPlatforms) = preSolution
		Debug|Any CPU = Debug|Any CPU
		Release|Any CPU = Release|Any CPU
	EndGlobalSection
	GlobalSection(ProjectConfigurationPlatforms) = postSolution
		{A72E2922-34D6-4CDA-B706-99C5CB06AD14}.Debug|Any CPU.ActiveCfg = Debug|Any CPU
		{A72E2922-34D6-4CDA-B706-99C5CB06AD14}.Debug|Any CPU.Build.0 = Debug|Any CPU
		{A72E2922-34D6-4CDA-B706-99C5CB06AD14}.Release|Any CPU.ActiveCfg = Release|Any CPU
		{A72E2922-34D6-4CDA-B706-99C5CB06AD14}.Release|Any CPU.Build.0 = Release|Any CPU
	EndGlobalSection
	GlobalSection(SolutionProperties) = preSolution
		HideSolutionNode = FALSE
	EndGlobalSection
	GlobalSection(ExtensibilityGlobals) = postSolution
		SolutionGuid = {6CC2C3DF-8D13-4AAE-A82F-C279CC437405}
	EndGlobalSection
EndGlobal
